
Microsoft Visual Studio Solution File, Format Version 12.00
# Visual Studio Version 17
VisualStudioVersion = 17.8.34511.84
MinimumVisualStudioVersion = 10.0.40219.1
Project("{FAE04EC0-301F-11D3-BF4B-00C04F79EFBC}") = "ASPCore_WebMailer", "ASPCore_WebMailer.csproj", "{66AD14C8-4938-41D0-9A66-483B7B7A8DF1}"
EndProject
Global
	GlobalSection(SolutionConfigurationPlatforms) = preSolution
		Debug|Any CPU = Debug|Any CPU
		Release|Any CPU = Release|Any CPU
	EndGlobalSection
	GlobalSection(ProjectConfigurationPlatforms) = postSolution
		{66AD14C8-4938-41D0-9A66-483B7B7A8DF1}.Debug|Any CPU.ActiveCfg = Debug|Any CPU
		{66AD14C8-4938-41D0-9A66-483B7B7A8DF1}.Debug|Any CPU.Build.0 = Debug|Any CPU
		{66AD14C8-4938-41D0-9A66-483B7B7A8DF1}.Release|Any CPU.ActiveCfg = Release|Any CPU
		{66AD14C8-4938-41D0-9A66-483B7B7A8DF1}.Release|Any CPU.Build.0 = Release|Any CPU
	EndGlobalSection
	GlobalSection(SolutionProperties) = preSolution
		HideSolutionNode = FALSE
	EndGlobalSection
	GlobalSection(ExtensibilityGlobals) = postSolution
		SolutionGuid = {FDAA69D5-31F4-4D05-921D-450B244E4AD5}
	EndGlobalSection
EndGlobal
